# THIS IS AN AUTOGENERATED FILE. DO NOT EDIT THIS FILE DIRECTLY.
# yarn lockfile v1


uikit@^3.5.5:
  version "3.5.5"
  resolved "https://registry.yarnpkg.com/uikit/-/uikit-3.5.5.tgz#711053f228c67b478b24d13ef2d073b6c0c8589d"
  integrity sha512-10Wm7wzL7Ukuc9fHMukL/uEEulUj8qg4zVqR4eYTC+86ytJTP9x6/2T5QhV8oUc5S1lS6Ft1oURGZRINY7q7gg==
